
Microsoft Visual Studio Solution File, Format Version 12.00
Project("{FAE04EC0-301F-11D3-BF4B-00C04F79EFBC}") = "Kiwiland.RouteComputation", "src\Kiwiland.RouteComputation\Kiwiland.RouteComputation.csproj", "{44348EA4-FF44-45D0-A25F-B0900E6AC3FA}"
EndProject
Project("{FAE04EC0-301F-11D3-BF4B-00C04F79EFBC}") = "Kiwiland.Cli", "src\Kiwiland.Cli\Kiwiland.Cli.csproj", "{F8FDC6DF-0B5B-499E-B2EF-D330A4EA11A8}"
EndProject
Project("{FAE04EC0-301F-11D3-BF4B-00C04F79EFBC}") = "RouteComputationTests", "Tests\RouteComputationTests\RouteComputationTests.csproj", "{C299BAF5-2B84-44F4-BB95-36C1FA7418B3}"
EndProject
Global
	GlobalSection(SolutionConfigurationPlatforms) = preSolution
		Debug|Any CPU = Debug|Any CPU
		Release|Any CPU = Release|Any CPU
	EndGlobalSection
	GlobalSection(ProjectConfigurationPlatforms) = postSolution
		{44348EA4-FF44-45D0-A25F-B0900E6AC3FA}.Debug|Any CPU.ActiveCfg = Debug|Any CPU
		{44348EA4-FF44-45D0-A25F-B0900E6AC3FA}.Debug|Any CPU.Build.0 = Debug|Any CPU
		{44348EA4-FF44-45D0-A25F-B0900E6AC3FA}.Release|Any CPU.ActiveCfg = Release|Any CPU
		{44348EA4-FF44-45D0-A25F-B0900E6AC3FA}.Release|Any CPU.Build.0 = Release|Any CPU
		{F8FDC6DF-0B5B-499E-B2EF-D330A4EA11A8}.Debug|Any CPU.ActiveCfg = Debug|Any CPU
		{F8FDC6DF-0B5B-499E-B2EF-D330A4EA11A8}.Debug|Any CPU.Build.0 = Debug|Any CPU
		{F8FDC6DF-0B5B-499E-B2EF-D330A4EA11A8}.Release|Any CPU.ActiveCfg = Release|Any CPU
		{F8FDC6DF-0B5B-499E-B2EF-D330A4EA11A8}.Release|Any CPU.Build.0 = Release|Any CPU
		{C299BAF5-2B84-44F4-BB95-36C1FA7418B3}.Debug|Any CPU.ActiveCfg = Debug|Any CPU
		{C299BAF5-2B84-44F4-BB95-36C1FA7418B3}.Debug|Any CPU.Build.0 = Debug|Any CPU
		{C299BAF5-2B84-44F4-BB95-36C1FA7418B3}.Release|Any CPU.ActiveCfg = Release|Any CPU
		{C299BAF5-2B84-44F4-BB95-36C1FA7418B3}.Release|Any CPU.Build.0 = Release|Any CPU
	EndGlobalSection
EndGlobal
